dependencies:
- name: bolt-api
  repository: http://bolt-helm-charts.acaisoft.net
  version: 0.12.0
- name: bolt-portal
  repository: http://bolt-helm-charts.acaisoft.net
  version: 0.2.0
- name: ingress-nginx
  repository: https://kubernetes.github.io/ingress-nginx
  version: 4.1.2
- name: argo-workflows
  repository: https://argoproj.github.io/argo-helm
  version: 0.16.2
- name: hasura
  repository: https://hasura-extra.github.io/hasura-extra
  version: 2.3.0
digest: sha256:b1d186a6929ad7d2cd4d540059f0159b49e296f255a738c27f953d720881e5d3
generated: "2022-07-08T14:36:02.717978+02:00"
