dependencies:
- name: bolt-api
  repository: http://bolt-helm-charts.acaisoft.net
  version: 0.6.0
- name: bolt-portal
  repository: http://bolt-helm-charts.acaisoft.net
  version: 0.2.0
- name: bolt-workflow
  repository: http://bolt-helm-charts.acaisoft.net
  version: 0.2.1
- name: ingress-nginx
  repository: https://kubernetes.github.io/ingress-nginx
  version: 4.1.2
- name: cert-manager
  repository: https://charts.jetstack.io
  version: v1.7.2
digest: sha256:4fca44a51f4c109ba9dc313f24df974624aae00bc22c0fe9632e9e68b641ba3d
generated: "2022-06-02T13:39:04.127654+02:00"
